
Microsoft Visual Studio Solution File, Format Version 12.00
# Visual Studio Version 16
VisualStudioVersion = 16.0.30104.148
MinimumVisualStudioVersion = 10.0.40219.1
Project("{8BC9CEB8-8B4A-11D0-8D11-00A0C91BC942}") = "DX12Sandbox", "DX12Sandbox\DX12Sandbox.vcxproj", "{6FAA882E-4EBE-4921-A824-7AB9B7490019}"
EndProject
Global
	GlobalSection(SolutionConfigurationPlatforms) = preSolution
		Debug|x64 = Debug|x64
		Release|x64 = Release|x64
	EndGlobalSection
	GlobalSection(ProjectConfigurationPlatforms) = postSolution
		{6FAA882E-4EBE-4921-A824-7AB9B7490019}.Debug|x64.ActiveCfg = Debug|x64
		{6FAA882E-4EBE-4921-A824-7AB9B7490019}.Debug|x64.Build.0 = Debug|x64
		{6FAA882E-4EBE-4921-A824-7AB9B7490019}.Release|x64.ActiveCfg = Release|x64
		{6FAA882E-4EBE-4921-A824-7AB9B7490019}.Release|x64.Build.0 = Release|x64
	EndGlobalSection
	GlobalSection(SolutionProperties) = preSolution
		HideSolutionNode = FALSE
	EndGlobalSection
	GlobalSection(ExtensibilityGlobals) = postSolution
		SolutionGuid = {AC39B2D3-0FD1-4E21-837D-C5A2FE7F6E7B}
	EndGlobalSection
EndGlobal
